<?xml version="1.0" encoding="utf-8"?>
<Project ToolsVersion="4.0" xmlns="http://schemas.microsoft.com/developer/msbuild/2003">
  <ItemGroup>
    <Filter Include="源文件">
      <UniqueIdentifier>{58f7ae90-02e5-491e-bc29-f4259dd4adf5}</UniqueIdentifier>
    </Filter>
    <Filter Include="生成的文件">
      <UniqueIdentifier>{c25d4f1e-3995-484f-9b8a-dc5f7a22c4ef}</UniqueIdentifier>
      <SourceControlFiles>False</SourceControlFiles>
    </Filter>
  </ItemGroup>
  <ItemGroup>
    <None Include="DXInfo.Card.ActiveXps.def" />
  </ItemGroup>
  <ItemGroup>
    <ClCompile Include="DXInfoCardActiveX_i.c">
      <Filter>生成的文件</Filter>
    </ClCompile>
    <ClCompile Include="DXInfoCardActiveX_p.c">
      <Filter>生成的文件</Filter>
    </ClCompile>
    <ClCompile Include="dlldata.c">
      <Filter>生成的文件</Filter>
    </ClCompile>
  </ItemGroup>
</Project>